
Microsoft Visual Studio Solution File, Format Version 12.00
# Visual Studio Version 17
VisualStudioVersion = 17.6.33723.286
MinimumVisualStudioVersion = 10.0.40219.1
Project("{FAE04EC0-301F-11D3-BF4B-00C04F79EFBC}") = "Install_Service_Application", "Install_Service_Application\Install_Service_Application.csproj", "{18E7EA63-F071-4027-858F-CD922D54B681}"
EndProject
Global
	GlobalSection(SolutionConfigurationPlatforms) = preSolution
		Debug|Any CPU = Debug|Any CPU
		Release|Any CPU = Release|Any CPU
	EndGlobalSection
	GlobalSection(ProjectConfigurationPlatforms) = postSolution
		{18E7EA63-F071-4027-858F-CD922D54B681}.Debug|Any CPU.ActiveCfg = Debug|Any CPU
		{18E7EA63-F071-4027-858F-CD922D54B681}.Debug|Any CPU.Build.0 = Debug|Any CPU
		{18E7EA63-F071-4027-858F-CD922D54B681}.Release|Any CPU.ActiveCfg = Release|Any CPU
		{18E7EA63-F071-4027-858F-CD922D54B681}.Release|Any CPU.Build.0 = Release|Any CPU
	EndGlobalSection
	GlobalSection(SolutionProperties) = preSolution
		HideSolutionNode = FALSE
	EndGlobalSection
	GlobalSection(ExtensibilityGlobals) = postSolution
		SolutionGuid = {C2548EF9-635A-45AA-93E7-B1C9E5F8C450}
	EndGlobalSection
EndGlobal
